{
  "name": "tartanspace",
  "lockfileVersion": 3,
  "requires": true,
  "packages": {
    "": {
      "dependencies": {
        "three-css2drenderer": "^1.0.0"
      }
    },
    "node_modules/three-css2drenderer": {
      "version": "1.0.0",
      "resolved": "https://registry.npmjs.org/three-css2drenderer/-/three-css2drenderer-1.0.0.tgz",
      "integrity": "sha512-KbWEOZiM5hXof0BSeSP6fiifIDdW2/ON3Ht/vdUhduy8sduEjFeoTRXx75dfCmXV4d5bcCqNzwMqnwwOZHb6Zw=="
    }
  }
}
